
Microsoft Visual Studio Solution File, Format Version 12.00
# Visual Studio Version 17
VisualStudioVersion = 17.8.34408.163
MinimumVisualStudioVersion = 10.0.40219.1
Project("{9A19103F-16F7-4668-BE54-9A1E7A4F7556}") = "PowerUsageCUI", "PowerUsageCUI\PowerUsageCUI.csproj", "{7700A15A-8568-47D0-BBB3-C2BFE3AC579A}"
EndProject
Global
	GlobalSection(SolutionConfigurationPlatforms) = preSolution
		Debug|Any CPU = Debug|Any CPU
		Release|Any CPU = Release|Any CPU
	EndGlobalSection
	GlobalSection(ProjectConfigurationPlatforms) = postSolution
		{7700A15A-8568-47D0-BBB3-C2BFE3AC579A}.Debug|Any CPU.ActiveCfg = Debug|Any CPU
		{7700A15A-8568-47D0-BBB3-C2BFE3AC579A}.Debug|Any CPU.Build.0 = Debug|Any CPU
		{7700A15A-8568-47D0-BBB3-C2BFE3AC579A}.Release|Any CPU.ActiveCfg = Release|Any CPU
		{7700A15A-8568-47D0-BBB3-C2BFE3AC579A}.Release|Any CPU.Build.0 = Release|Any CPU
	EndGlobalSection
	GlobalSection(SolutionProperties) = preSolution
		HideSolutionNode = FALSE
	EndGlobalSection
	GlobalSection(ExtensibilityGlobals) = postSolution
		SolutionGuid = {7C9373D3-F34F-49BB-BF0F-683C53209C45}
	EndGlobalSection
EndGlobal
